// !$*UTF8*$!
{
	archiveVersion = 1;
	classes = {
	};
	objectVersion = 48;
	objects = {

/* Begin PBXBuildFile section */
		591C5A44201089FB00FB7A32 /* JCTableView+JCAnimation.m in Sources */ = {isa = PBXBuildFile; fileRef = 591C5A43201089FB00FB7A32 /* JCTableView+JCAnimation.m */; };
		593E52D92007029F00020C15 /* AppDelegate.m in Sources */ = {isa = PBXBuildFile; fileRef = 593E52D82007029F00020C15 /* AppDelegate.m */; };
		593E52DC2007029F00020C15 /* JCTableViewController.m in Sources */ = {isa = PBXBuildFile; fileRef = 593E52DB2007029F00020C15 /* JCTableViewController.m */; };
		593E52E12007029F00020C15 /* Assets.xcassets in Resources */ = {isa = PBXBuildFile; fileRef = 593E52E02007029F00020C15 /* Assets.xcassets */; };
		593E52E42007029F00020C15 /* LaunchScreen.storyboard in Resources */ = {isa = PBXBuildFile; fileRef = 593E52E22007029F00020C15 /* LaunchScreen.storyboard */; };
		593E52E72007029F00020C15 /* main.m in Sources */ = {isa = PBXBuildFile; fileRef = 593E52E62007029F00020C15 /* main.m */; };
		593E52F1200702A000020C15 /* JCTableViewTests.m in Sources */ = {isa = PBXBuildFile; fileRef = 593E52F0200702A000020C15 /* JCTableViewTests.m */; };
		593E52FC200702A000020C15 /* JCTableViewUITests.m in Sources */ = {isa = PBXBuildFile; fileRef = 593E52FB200702A000020C15 /* JCTableViewUITests.m */; };
		593E530F20073EDB00020C15 /* JCTableViewCell.m in Sources */ = {isa = PBXBuildFile; fileRef = 593E530E20073EDB00020C15 /* JCTableViewCell.m */; };
		593E53122007505B00020C15 /* JCTableView.m in Sources */ = {isa = PBXBuildFile; fileRef = 593E53102007505B00020C15 /* JCTableView.m */; };
		59985B2C200C8C6800E686A0 /* JCAppleTableViewController.m in Sources */ = {isa = PBXBuildFile; fileRef = 59985B2B200C8C6800E686A0 /* JCAppleTableViewController.m */; };
		59985B2F200C8CFF00E686A0 /* JCRootViewController.m in Sources */ = {isa = PBXBuildFile; fileRef = 59985B2E200C8CFF00E686A0 /* JCRootViewController.m */; };
		59985B37200CAA0400E686A0 /* FPSDisplay.m in Sources */ = {isa = PBXBuildFile; fileRef = 59985B36200CAA0400E686A0 /* FPSDisplay.m */; };
/* End PBXBuildFile section */

/* Begin PBXContainerItemProxy section */
		593E52ED200702A000020C15 /* PBXContainerItemProxy */ = {
			isa = PBXContainerItemProxy;
			containerPortal = 593E52CC2007029F00020C15 /* Project object */;
			proxyType = 1;
			remoteGlobalIDString = 593E52D32007029F00020C15;
			remoteInfo = JCTableView;
		};
		593E52F8200702A000020C15 /* PBXContainerItemProxy */ = {
			isa = PBXContainerItemProxy;
			containerPortal = 593E52CC2007029F00020C15 /* Project object */;
			proxyType = 1;
			remoteGlobalIDString = 593E52D32007029F00020C15;
			remoteInfo = JCTableView;
		};
/* End PBXContainerItemProxy section */

/* Begin PBXFileReference section */
		591C5A42201089FB00FB7A32 /* JCTableView+JCAnimation.h */ = {isa = PBXFileReference; lastKnownFileType = sourcecode.c.h; path = "JCTableView+JCAnimation.h"; sourceTree = "<group>"; };
		591C5A43201089FB00FB7A32 /* JCTableView+JCAnimation.m */ = {isa = PBXFileReference; lastKnownFileType = sourcecode.c.objc; path = "JCTableView+JCAnimation.m"; sourceTree = "<group>"; };
		593E52D42007029F00020C15 /* JCTableView.app */ = {isa = PBXFileReference; explicitFileType = wrapper.application; includeInIndex = 0; path = JCTableView.app; sourceTree = BUILT_PRODUCTS_DIR; };
		593E52D72007029F00020C15 /* AppDelegate.h */ = {isa = PBXFileReference; lastKnownFileType = sourcecode.c.h; path = AppDelegate.h; sourceTree = "<group>"; };
		593E52D82007029F00020C15 /* AppDelegate.m */ = {isa = PBXFileReference; lastKnownFileType = sourcecode.c.objc; path = AppDelegate.m; sourceTree = "<group>"; };
		593E52DA2007029F00020C15 /* JCTableViewController.h */ = {isa = PBXFileReference; lastKnownFileType = sourcecode.c.h; path = JCTableViewController.h; sourceTree = "<group>"; };
		593E52DB2007029F00020C15 /* JCTableViewController.m */ = {isa = PBXFileReference; lastKnownFileType = sourcecode.c.objc; path = JCTableViewController.m; sourceTree = "<group>"; };
		593E52E02007029F00020C15 /* Assets.xcassets */ = {isa = PBXFileReference; lastKnownFileType = folder.assetcatalog; path = Assets.xcassets; sourceTree = "<group>"; };
		593E52E32007029F00020C15 /* Base */ = {isa = PBXFileReference; lastKnownFileType = file.storyboard; name = Base; path = Base.lproj/LaunchScreen.storyboard; sourceTree = "<group>"; };
		593E52E52007029F00020C15 /* Info.plist */ = {isa = PBXFileReference; lastKnownFileType = text.plist.xml; path = Info.plist; sourceTree = "<group>"; };
		593E52E62007029F00020C15 /* main.m */ = {isa = PBXFileReference; lastKnownFileType = sourcecode.c.objc; path = main.m; sourceTree = "<group>"; };
		593E52EC200702A000020C15 /* JCTableViewTests.xctest */ = {isa = PBXFileReference; explicitFileType = wrapper.cfbundle; includeInIndex = 0; path = JCTableViewTests.xctest; sourceTree = BUILT_PRODUCTS_DIR; };
		593E52F0200702A000020C15 /* JCTableViewTests.m */ = {isa = PBXFileReference; lastKnownFileType = sourcecode.c.objc; path = JCTableViewTests.m; sourceTree = "<group>"; };
		593E52F2200702A000020C15 /* Info.plist */ = {isa = PBXFileReference; lastKnownFileType = text.plist.xml; path = Info.plist; sourceTree = "<group>"; };
		593E52F7200702A000020C15 /* JCTableViewUITests.xctest */ = {isa = PBXFileReference; explicitFileType = wrapper.cfbundle; includeInIndex = 0; path = JCTableViewUITests.xctest; sourceTree = BUILT_PRODUCTS_DIR; };
		593E52FB200702A000020C15 /* JCTableViewUITests.m */ = {isa = PBXFileReference; lastKnownFileType = sourcecode.c.objc; path = JCTableViewUITests.m; sourceTree = "<group>"; };
		593E52FD200702A000020C15 /* Info.plist */ = {isa = PBXFileReference; lastKnownFileType = text.plist.xml; path = Info.plist; sourceTree = "<group>"; };
		593E530D20073EDB00020C15 /* JCTableViewCell.h */ = {isa = PBXFileReference; lastKnownFileType = sourcecode.c.h; path = JCTableViewCell.h; sourceTree = "<group>"; };
		593E530E20073EDB00020C15 /* JCTableViewCell.m */ = {isa = PBXFileReference; lastKnownFileType = sourcecode.c.objc; path = JCTableViewCell.m; sourceTree = "<group>"; };
		593E53102007505B00020C15 /* JCTableView.m */ = {isa = PBXFileReference; fileEncoding = 4; lastKnownFileType = sourcecode.c.objc; path = JCTableView.m; sourceTree = "<group>"; };
		593E53112007505B00020C15 /* JCTableView.h */ = {isa = PBXFileReference; fileEncoding = 4; lastKnownFileType = sourcecode.c.h; path = JCTableView.h; sourceTree = "<group>"; };
		595CDEF82008532F00E60264 /* JCTableViewCellPrivate.h */ = {isa = PBXFileReference; lastKnownFileType = sourcecode.c.h; path = JCTableViewCellPrivate.h; sourceTree = "<group>"; };
		59985B2A200C8C6800E686A0 /* JCAppleTableViewController.h */ = {isa = PBXFileReference; lastKnownFileType = sourcecode.c.h; path = JCAppleTableViewController.h; sourceTree = "<group>"; };
		59985B2B200C8C6800E686A0 /* JCAppleTableViewController.m */ = {isa = PBXFileReference; lastKnownFileType = sourcecode.c.objc; path = JCAppleTableViewController.m; sourceTree = "<group>"; };
		59985B2D200C8CFF00E686A0 /* JCRootViewController.h */ = {isa = PBXFileReference; lastKnownFileType = sourcecode.c.h; path = JCRootViewController.h; sourceTree = "<group>"; };
		59985B2E200C8CFF00E686A0 /* JCRootViewController.m */ = {isa = PBXFileReference; lastKnownFileType = sourcecode.c.objc; path = JCRootViewController.m; sourceTree = "<group>"; };
		59985B35200CAA0400E686A0 /* FPSDisplay.h */ = {isa = PBXFileReference; fileEncoding = 4; lastKnownFileType = sourcecode.c.h; path = FPSDisplay.h; sourceTree = "<group>"; };
		59985B36200CAA0400E686A0 /* FPSDisplay.m */ = {isa = PBXFileReference; fileEncoding = 4; lastKnownFileType = sourcecode.c.objc; path = FPSDisplay.m; sourceTree = "<group>"; };
/* End PBXFileReference section */

/* Begin PBXFrameworksBuildPhase section */
		593E52D12007029F00020C15 /* Frameworks */ = {
			isa = PBXFrameworksBuildPhase;
			buildActionMask = 2147483647;
			files = (
			);
			runOnlyForDeploymentPostprocessing = 0;
		};
		593E52E9200702A000020C15 /* Frameworks */ = {
			isa = PBXFrameworksBuildPhase;
			buildActionMask = 2147483647;
			files = (
			);
			runOnlyForDeploymentPostprocessing = 0;
		};
		593E52F4200702A000020C15 /* Frameworks */ = {
			isa = PBXFrameworksBuildPhase;
			buildActionMask = 2147483647;
			files = (
			);
			runOnlyForDeploymentPostprocessing = 0;
		};
/* End PBXFrameworksBuildPhase section */

/* Begin PBXGroup section */
		593E52CB2007029F00020C15 = {
			isa = PBXGroup;
			children = (
				593E52D62007029F00020C15 /* JCTableView */,
				593E52EF200702A000020C15 /* JCTableViewTests */,
				593E52FA200702A000020C15 /* JCTableViewUITests */,
				593E52D52007029F00020C15 /* Products */,
			);
			sourceTree = "<group>";
		};
		593E52D52007029F00020C15 /* Products */ = {
			isa = PBXGroup;
			children = (
				593E52D42007029F00020C15 /* JCTableView.app */,
				593E52EC200702A000020C15 /* JCTableViewTests.xctest */,
				593E52F7200702A000020C15 /* JCTableViewUITests.xctest */,
			);
			name = Products;
			sourceTree = "<group>";
		};
		593E52D62007029F00020C15 /* JCTableView */ = {
			isa = PBXGroup;
			children = (
				593E53092007372800020C15 /* JCTableView */,
				59985B34200CAA0400E686A0 /* FPSDisplayTool */,
				59985B2D200C8CFF00E686A0 /* JCRootViewController.h */,
				59985B2E200C8CFF00E686A0 /* JCRootViewController.m */,
				59985B2A200C8C6800E686A0 /* JCAppleTableViewController.h */,
				59985B2B200C8C6800E686A0 /* JCAppleTableViewController.m */,
				593E52DA2007029F00020C15 /* JCTableViewController.h */,
				593E52DB2007029F00020C15 /* JCTableViewController.m */,
				593E52D72007029F00020C15 /* AppDelegate.h */,
				593E52D82007029F00020C15 /* AppDelegate.m */,
				593E52E02007029F00020C15 /* Assets.xcassets */,
				593E52E22007029F00020C15 /* LaunchScreen.storyboard */,
				593E52E52007029F00020C15 /* Info.plist */,
				593E52E62007029F00020C15 /* main.m */,
			);
			path = JCTableView;
			sourceTree = "<group>";
		};
		593E52EF200702A000020C15 /* JCTableViewTests */ = {
			isa = PBXGroup;
			children = (
				593E52F0200702A000020C15 /* JCTableViewTests.m */,
				593E52F2200702A000020C15 /* Info.plist */,
			);
			path = JCTableViewTests;
			sourceTree = "<group>";
		};
		593E52FA200702A000020C15 /* JCTableViewUITests */ = {
			isa = PBXGroup;
			children = (
				593E52FB200702A000020C15 /* JCTableViewUITests.m */,
				593E52FD200702A000020C15 /* Info.plist */,
			);
			path = JCTableViewUITests;
			sourceTree = "<group>";
		};
		593E53092007372800020C15 /* JCTableView */ = {
			isa = PBXGroup;
			children = (
				593E53112007505B00020C15 /* JCTableView.h */,
				593E53102007505B00020C15 /* JCTableView.m */,
				591C5A42201089FB00FB7A32 /* JCTableView+JCAnimation.h */,
				591C5A43201089FB00FB7A32 /* JCTableView+JCAnimation.m */,
				593E530D20073EDB00020C15 /* JCTableViewCell.h */,
				593E530E20073EDB00020C15 /* JCTableViewCell.m */,
				595CDEF82008532F00E60264 /* JCTableViewCellPrivate.h */,
			);
			path = JCTableView;
			sourceTree = "<group>";
		};
		59985B34200CAA0400E686A0 /* FPSDisplayTool */ = {
			isa = PBXGroup;
			children = (
				59985B35200CAA0400E686A0 /* FPSDisplay.h */,
				59985B36200CAA0400E686A0 /* FPSDisplay.m */,
			);
			path = FPSDisplayTool;
			sourceTree = "<group>";
		};
/* End PBXGroup section */

/* Begin PBXNativeTarget section */
		593E52D32007029F00020C15 /* JCTableView */ = {
			isa = PBXNativeTarget;
			buildConfigurationList = 593E5300200702A000020C15 /* Build configuration list for PBXNativeTarget "JCTableView" */;
			buildPhases = (
				593E52D02007029F00020C15 /* Sources */,
				593E52D12007029F00020C15 /* Frameworks */,
				593E52D22007029F00020C15 /* Resources */,
			);
			buildRules = (
			);
			dependencies = (
			);
			name = JCTableView;
			productName = JCTableView;
			productReference = 593E52D42007029F00020C15 /* JCTableView.app */;
			productType = "com.apple.product-type.application";
		};
		593E52EB200702A000020C15 /* JCTableViewTests */ = {
			isa = PBXNativeTarget;
			buildConfigurationList = 593E5303200702A000020C15 /* Build configuration list for PBXNativeTarget "JCTableViewTests" */;
			buildPhases = (
				593E52E8200702A000020C15 /* Sources */,
				593E52E9200702A000020C15 /* Frameworks */,
				593E52EA200702A000020C15 /* Resources */,
			);
			buildRules = (
			);
			dependencies = (
				593E52EE200702A000020C15 /* PBXTargetDependency */,
			);
			name = JCTableViewTests;
			productName = JCTableViewTests;
			productReference = 593E52EC200702A000020C15 /* JCTableViewTests.xctest */;
			productType = "com.apple.product-type.bundle.unit-test";
		};
		593E52F6200702A000020C15 /* JCTableViewUITests */ = {
			isa = PBXNativeTarget;
			buildConfigurationList = 593E5306200702A000020C15 /* Build configuration list for PBXNativeTarget "JCTableViewUITests" */;
			buildPhases = (
				593E52F3200702A000020C15 /* Sources */,
				593E52F4200702A000020C15 /* Frameworks */,
				593E52F5200702A000020C15 /* Resources */,
			);
			buildRules = (
			);
			dependencies = (
				593E52F9200702A000020C15 /* PBXTargetDependency */,
			);
			name = JCTableViewUITests;
			productName = JCTableViewUITests;
			productReference = 593E52F7200702A000020C15 /* JCTableViewUITests.xctest */;
			productType = "com.apple.product-type.bundle.ui-testing";
		};
/* End PBXNativeTarget section */

/* Begin PBXProject section */
		593E52CC2007029F00020C15 /* Project object */ = {
			isa = PBXProject;
			attributes = {
				LastUpgradeCheck = 0910;
				ORGANIZATIONNAME = "林锦超";
				TargetAttributes = {
					593E52D32007029F00020C15 = {
						CreatedOnToolsVersion = 9.1;
						ProvisioningStyle = Automatic;
					};
					593E52EB200702A000020C15 = {
						CreatedOnToolsVersion = 9.1;
						ProvisioningStyle = Automatic;
						TestTargetID = 593E52D32007029F00020C15;
					};
					593E52F6200702A000020C15 = {
						CreatedOnToolsVersion = 9.1;
						ProvisioningStyle = Automatic;
						TestTargetID = 593E52D32007029F00020C15;
					};
				};
			};
			buildConfigurationList = 593E52CF2007029F00020C15 /* Build configuration list for PBXProject "JCTableView" */;
			compatibilityVersion = "Xcode 8.0";
			developmentRegion = en;
			hasScannedForEncodings = 0;
			knownRegions = (
				en,
				Base,
			);
			mainGroup = 593E52CB2007029F00020C15;
			productRefGroup = 593E52D52007029F00020C15 /* Products */;
			projectDirPath = "";
			projectRoot = "";
			targets = (
				593E52D32007029F00020C15 /* JCTableView */,
				593E52EB200702A000020C15 /* JCTableViewTests */,
				593E52F6200702A000020C15 /* JCTableViewUITests */,
			);
		};
/* End PBXProject section */

/* Begin PBXResourcesBuildPhase section */
		593E52D22007029F00020C15 /* Resources */ = {
			isa = PBXResourcesBuildPhase;
			buildActionMask = 2147483647;
			files = (
				593E52E42007029F00020C15 /* LaunchScreen.storyboard in Resources */,
				593E52E12007029F00020C15 /* Assets.xcassets in Resources */,
			);
			runOnlyForDeploymentPostprocessing = 0;
		};
		593E52EA200702A000020C15 /* Resources */ = {
			isa = PBXResourcesBuildPhase;
			buildActionMask = 2147483647;
			files = (
			);
			runOnlyForDeploymentPostprocessing = 0;
		};
		593E52F5200702A000020C15 /* Resources */ = {
			isa = PBXResourcesBuildPhase;
			buildActionMask = 2147483647;
			files = (
			);
			runOnlyForDeploymentPostprocessing = 0;
		};
/* End PBXResourcesBuildPhase section */

/* Begin PBXSourcesBuildPhase section */
		593E52D02007029F00020C15 /* Sources */ = {
			isa = PBXSourcesBuildPhase;
			buildActionMask = 2147483647;
			files = (
				593E530F20073EDB00020C15 /* JCTableViewCell.m in Sources */,
				593E53122007505B00020C15 /* JCTableView.m in Sources */,
				593E52DC2007029F00020C15 /* JCTableViewController.m in Sources */,
				59985B2F200C8CFF00E686A0 /* JCRootViewController.m in Sources */,
				59985B2C200C8C6800E686A0 /* JCAppleTableViewController.m in Sources */,
				59985B37200CAA0400E686A0 /* FPSDisplay.m in Sources */,
				591C5A44201089FB00FB7A32 /* JCTableView+JCAnimation.m in Sources */,
				593E52E72007029F00020C15 /* main.m in Sources */,
				593E52D92007029F00020C15 /* AppDelegate.m in Sources */,
			);
			runOnlyForDeploymentPostprocessing = 0;
		};
		593E52E8200702A000020C15 /* Sources */ = {
			isa = PBXSourcesBuildPhase;
			buildActionMask = 2147483647;
			files = (
				593E52F1200702A000020C15 /* JCTableViewTests.m in Sources */,
			);
			runOnlyForDeploymentPostprocessing = 0;
		};
		593E52F3200702A000020C15 /* Sources */ = {
			isa = PBXSourcesBuildPhase;
			buildActionMask = 2147483647;
			files = (
				593E52FC200702A000020C15 /* JCTableViewUITests.m in Sources */,
			);
			runOnlyForDeploymentPostprocessing = 0;
		};
/* End PBXSourcesBuildPhase section */

/* Begin PBXTargetDependency section */
		593E52EE200702A000020C15 /* PBXTargetDependency */ = {
			isa = PBXTargetDependency;
			target = 593E52D32007029F00020C15 /* JCTableView */;
			targetProxy = 593E52ED200702A000020C15 /* PBXContainerItemProxy */;
		};
		593E52F9200702A000020C15 /* PBXTargetDependency */ = {
			isa = PBXTargetDependency;
			target = 593E52D32007029F00020C15 /* JCTableView */;
			targetProxy = 593E52F8200702A000020C15 /* PBXContainerItemProxy */;
		};
/* End PBXTargetDependency section */

/* Begin PBXVariantGroup section */
		593E52E22007029F00020C15 /* LaunchScreen.storyboard */ = {
			isa = PBXVariantGroup;
			children = (
				593E52E32007029F00020C15 /* Base */,
			);
			name = LaunchScreen.storyboard;
			sourceTree = "<group>";
		};
/* End PBXVariantGroup section */

/* Begin XCBuildConfiguration section */
		593E52FE200702A000020C15 /* Debug */ = {
			isa = XCBuildConfiguration;
			buildSettings = {
				ALWAYS_SEARCH_USER_PATHS = NO;
				CLANG_ANALYZER_NONNULL = YES;
				CLANG_ANALYZER_NUMBER_OBJECT_CONVERSION = YES_AGGRESSIVE;
				CLANG_CXX_LANGUAGE_STANDARD = "gnu++14";
				CLANG_CXX_LIBRARY = "libc++";
				CLANG_ENABLE_MODULES = YES;
				CLANG_ENABLE_OBJC_ARC = YES;
				CLANG_WARN_BLOCK_CAPTURE_AUTORELEASING = YES;
				CLANG_WARN_BOOL_CONVERSION = YES;
				CLANG_WARN_COMMA = YES;
				CLANG_WARN_CONSTANT_CONVERSION = YES;
				CLANG_WARN_DIRECT_OBJC_ISA_USAGE = YES_ERROR;
				CLANG_WARN_DOCUMENTATION_COMMENTS = YES;
				CLANG_WARN_EMPTY_BODY = YES;
				CLANG_WARN_ENUM_CONVERSION = YES;
				CLANG_WARN_INFINITE_RECURSION = YES;
				CLANG_WARN_INT_CONVERSION = YES;
				CLANG_WARN_NON_LITERAL_NULL_CONVERSION = YES;
				CLANG_WARN_OBJC_LITERAL_CONVERSION = YES;
				CLANG_WARN_OBJC_ROOT_CLASS = YES_ERROR;
				CLANG_WARN_RANGE_LOOP_ANALYSIS = YES;
				CLANG_WARN_STRICT_PROTOTYPES = YES;
				CLANG_WARN_SUSPICIOUS_MOVE = YES;
				CLANG_WARN_UNGUARDED_AVAILABILITY = YES_AGGRESSIVE;
				CLANG_WARN_UNREACHABLE_CODE = YES;
				CLANG_WARN__DUPLICATE_METHOD_MATCH = YES;
				CODE_SIGN_IDENTITY = "iPhone Developer";
				COPY_PHASE_STRIP = NO;
				DEBUG_INFORMATION_FORMAT = dwarf;
				ENABLE_STRICT_OBJC_MSGSEND = YES;
				ENABLE_TESTABILITY = YES;
				GCC_C_LANGUAGE_STANDARD = gnu11;
				GCC_DYNAMIC_NO_PIC = NO;
				GCC_NO_COMMON_BLOCKS = YES;
				GCC_OPTIMIZATION_LEVEL = 0;
				GCC_PREPROCESSOR_DEFINITIONS = (
					"DEBUG=1",
					"$(inherited)",
				);
				GCC_WARN_64_TO_32_BIT_CONVERSION = YES;
				GCC_WARN_ABOUT_RETURN_TYPE = YES_ERROR;
				GCC_WARN_UNDECLARED_SELECTOR = YES;
				GCC_WARN_UNINITIALIZED_AUTOS = YES_AGGRESSIVE;
				GCC_WARN_UNUSED_FUNCTION = YES;
				GCC_WARN_UNUSED_VARIABLE = YES;
				IPHONEOS_DEPLOYMENT_TARGET = 11.1;
				MTL_ENABLE_DEBUG_INFO = YES;
				ONLY_ACTIVE_ARCH = YES;
				SDKROOT = iphoneos;
			};
			name = Debug;
		};
		593E52FF200702A000020C15 /* Release */ = {
			isa = XCBuildConfiguration;
			buildSettings = {
				ALWAYS_SEARCH_USER_PATHS = NO;
				CLANG_ANALYZER_NONNULL = YES;
				CLANG_ANALYZER_NUMBER_OBJECT_CONVERSION = YES_AGGRESSIVE;
				CLANG_CXX_LANGUAGE_STANDARD = "gnu++14";
				CLANG_CXX_LIBRARY = "libc++";
				CLANG_ENABLE_MODULES = YES;
				CLANG_ENABLE_OBJC_ARC = YES;
				CLANG_WARN_BLOCK_CAPTURE_AUTORELEASING = YES;
				CLANG_WARN_BOOL_CONVERSION = YES;
				CLANG_WARN_COMMA = YES;
				CLANG_WARN_CONSTANT_CONVERSION = YES;
				CLANG_WARN_DIRECT_OBJC_ISA_USAGE = YES_ERROR;
				CLANG_WARN_DOCUMENTATION_COMMENTS = YES;
				CLANG_WARN_EMPTY_BODY = YES;
				CLANG_WARN_ENUM_CONVERSION = YES;
				CLANG_WARN_INFINITE_RECURSION = YES;
				CLANG_WARN_INT_CONVERSION = YES;
				CLANG_WARN_NON_LITERAL_NULL_CONVERSION = YES;
				CLANG_WARN_OBJC_LITERAL_CONVERSION = YES;
				CLANG_WARN_OBJC_ROOT_CLASS = YES_ERROR;
				CLANG_WARN_RANGE_LOOP_ANALYSIS = YES;
				CLANG_WARN_STRICT_PROTOTYPES = YES;
				CLANG_WARN_SUSPICIOUS_MOVE = YES;
				CLANG_WARN_UNGUARDED_AVAILABILITY = YES_AGGRESSIVE;
				CLANG_WARN_UNREACHABLE_CODE = YES;
				CLANG_WARN__DUPLICATE_METHOD_MATCH = YES;
				CODE_SIGN_IDENTITY = "iPhone Developer";
				COPY_PHASE_STRIP = NO;
				DEBUG_INFORMATION_FORMAT = "dwarf-with-dsym";
				ENABLE_NS_ASSERTIONS = NO;
				ENABLE_STRICT_OBJC_MSGSEND = YES;
				GCC_C_LANGUAGE_STANDARD = gnu11;
				GCC_NO_COMMON_BLOCKS = YES;
				GCC_WARN_64_TO_32_BIT_CONVERSION = YES;
				GCC_WARN_ABOUT_RETURN_TYPE = YES_ERROR;
				GCC_WARN_UNDECLARED_SELECTOR = YES;
				GCC_WARN_UNINITIALIZED_AUTOS = YES_AGGRESSIVE;
				GCC_WARN_UNUSED_FUNCTION = YES;
				GCC_WARN_UNUSED_VARIABLE = YES;
				IPHONEOS_DEPLOYMENT_TARGET = 11.1;
				MTL_ENABLE_DEBUG_INFO = NO;
				SDKROOT = iphoneos;
				VALIDATE_PRODUCT = YES;
			};
			name = Release;
		};
		593E5301200702A000020C15 /* Debug */ = {
			isa = XCBuildConfiguration;
			buildSettings = {
				ASSETCATALOG_COMPILER_APPICON_NAME = AppIcon;
				CODE_SIGN_STYLE = Automatic;
				DEVELOPMENT_TEAM = 94A5HQWMK3;
				INFOPLIST_FILE = JCTableView/Info.plist;
				LD_RUNPATH_SEARCH_PATHS = "$(inherited) @executable_path/Frameworks";
				PRODUCT_BUNDLE_IDENTIFIER = Hope.JCTableView;
				PRODUCT_NAME = "$(TARGET_NAME)";
				TARGETED_DEVICE_FAMILY = "1,2";
			};
			name = Debug;
		};
		593E5302200702A000020C15 /* Release */ = {
			isa = XCBuildConfiguration;
			buildSettings = {
				ASSETCATALOG_COMPILER_APPICON_NAME = AppIcon;
				CODE_SIGN_STYLE = Automatic;
				DEVELOPMENT_TEAM = 94A5HQWMK3;
				INFOPLIST_FILE = JCTableView/Info.plist;
				LD_RUNPATH_SEARCH_PATHS = "$(inherited) @executable_path/Frameworks";
				PRODUCT_BUNDLE_IDENTIFIER = Hope.JCTableView;
				PRODUCT_NAME = "$(TARGET_NAME)";
				TARGETED_DEVICE_FAMILY = "1,2";
			};
			name = Release;
		};
		593E5304200702A000020C15 /* Debug */ = {
			isa = XCBuildConfiguration;
			buildSettings = {
				BUNDLE_LOADER = "$(TEST_HOST)";
				CODE_SIGN_STYLE = Automatic;
				DEVELOPMENT_TEAM = 94A5HQWMK3;
				INFOPLIST_FILE = JCTableViewTests/Info.plist;
				LD_RUNPATH_SEARCH_PATHS = "$(inherited) @executable_path/Frameworks @loader_path/Frameworks";
				PRODUCT_BUNDLE_IDENTIFIER = Hope.JCTableViewTests;
				PRODUCT_NAME = "$(TARGET_NAME)";
				TARGETED_DEVICE_FAMILY = "1,2";
				TEST_HOST = "$(BUILT_PRODUCTS_DIR)/JCTableView.app/JCTableView";
			};
			name = Debug;
		};
		593E5305200702A000020C15 /* Release */ = {
			isa = XCBuildConfiguration;
			buildSettings = {
				BUNDLE_LOADER = "$(TEST_HOST)";
				CODE_SIGN_STYLE = Automatic;
				DEVELOPMENT_TEAM = 94A5HQWMK3;
				INFOPLIST_FILE = JCTableViewTests/Info.plist;
				LD_RUNPATH_SEARCH_PATHS = "$(inherited) @executable_path/Frameworks @loader_path/Frameworks";
				PRODUCT_BUNDLE_IDENTIFIER = Hope.JCTableViewTests;
				PRODUCT_NAME = "$(TARGET_NAME)";
				TARGETED_DEVICE_FAMILY = "1,2";
				TEST_HOST = "$(BUILT_PRODUCTS_DIR)/JCTableView.app/JCTableView";
			};
			name = Release;
		};
		593E5307200702A000020C15 /* Debug */ = {
			isa = XCBuildConfiguration;
			buildSettings = {
				CODE_SIGN_STYLE = Automatic;
				DEVELOPMENT_TEAM = 94A5HQWMK3;
				INFOPLIST_FILE = JCTableViewUITests/Info.plist;
				LD_RUNPATH_SEARCH_PATHS = "$(inherited) @executable_path/Frameworks @loader_path/Frameworks";
				PRODUCT_BUNDLE_IDENTIFIER = Hope.JCTableViewUITests;
				PRODUCT_NAME = "$(TARGET_NAME)";
				TARGETED_DEVICE_FAMILY = "1,2";
				TEST_TARGET_NAME = JCTableView;
			};
			name = Debug;
		};
		593E5308200702A000020C15 /* Release */ = {
			isa = XCBuildConfiguration;
			buildSettings = {
				CODE_SIGN_STYLE = Automatic;
				DEVELOPMENT_TEAM = 94A5HQWMK3;
				INFOPLIST_FILE = JCTableViewUITests/Info.plist;
				LD_RUNPATH_SEARCH_PATHS = "$(inherited) @executable_path/Frameworks @loader_path/Frameworks";
				PRODUCT_BUNDLE_IDENTIFIER = Hope.JCTableViewUITests;
				PRODUCT_NAME = "$(TARGET_NAME)";
				TARGETED_DEVICE_FAMILY = "1,2";
				TEST_TARGET_NAME = JCTableView;
			};
			name = Release;
		};
/* End XCBuildConfiguration section */

/* Begin XCConfigurationList section */
		593E52CF2007029F00020C15 /* Build configuration list for PBXProject "JCTableView" */ = {
			isa = XCConfigurationList;
			buildConfigurations = (
				593E52FE200702A000020C15 /* Debug */,
				593E52FF200702A000020C15 /* Release */,
			);
			defaultConfigurationIsVisible = 0;
			defaultConfigurationName = Release;
		};
		593E5300200702A000020C15 /* Build configuration list for PBXNativeTarget "JCTableView" */ = {
			isa = XCConfigurationList;
			buildConfigurations = (
				593E5301200702A000020C15 /* Debug */,
				593E5302200702A000020C15 /* Release */,
			);
			defaultConfigurationIsVisible = 0;
			defaultConfigurationName = Release;
		};
		593E5303200702A000020C15 /* Build configuration list for PBXNativeTarget "JCTableViewTests" */ = {
			isa = XCConfigurationList;
			buildConfigurations = (
				593E5304200702A000020C15 /* Debug */,
				593E5305200702A000020C15 /* Release */,
			);
			defaultConfigurationIsVisible = 0;
			defaultConfigurationName = Release;
		};
		593E5306200702A000020C15 /* Build configuration list for PBXNativeTarget "JCTableViewUITests" */ = {
			isa = XCConfigurationList;
			buildConfigurations = (
				593E5307200702A000020C15 /* Debug */,
				593E5308200702A000020C15 /* Release */,
			);
			defaultConfigurationIsVisible = 0;
			defaultConfigurationName = Release;
		};
/* End XCConfigurationList section */
	};
	rootObject = 593E52CC2007029F00020C15 /* Project object */;
}
